
Microsoft Visual Studio Solution File, Format Version 12.00
# Visual Studio Version 17
VisualStudioVersion = 17.6.33712.159
MinimumVisualStudioVersion = 10.0.40219.1
Project("{FAE04EC0-301F-11D3-BF4B-00C04F79EFBC}") = "BSUIRScheduleDESK", "BSUIRScheduleDESK\BSUIRScheduleDESK.csproj", "{D0A1DEC5-DFEB-4402-A860-49F5B32B4809}"
EndProject
Global
	GlobalSection(SolutionConfigurationPlatforms) = preSolution
		Debug|Any CPU = Debug|Any CPU
		Release|Any CPU = Release|Any CPU
	EndGlobalSection
	GlobalSection(ProjectConfigurationPlatforms) = postSolution
		{D0A1DEC5-DFEB-4402-A860-49F5B32B4809}.Debug|Any CPU.ActiveCfg = Debug|Any CPU
		{D0A1DEC5-DFEB-4402-A860-49F5B32B4809}.Debug|Any CPU.Build.0 = Debug|Any CPU
		{D0A1DEC5-DFEB-4402-A860-49F5B32B4809}.Release|Any CPU.ActiveCfg = Release|Any CPU
		{D0A1DEC5-DFEB-4402-A860-49F5B32B4809}.Release|Any CPU.Build.0 = Release|Any CPU
	EndGlobalSection
	GlobalSection(SolutionProperties) = preSolution
		HideSolutionNode = FALSE
	EndGlobalSection
	GlobalSection(ExtensibilityGlobals) = postSolution
		SolutionGuid = {42FF0769-F07E-45D8-AB39-708F98B4461A}
	EndGlobalSection
EndGlobal
